
Microsoft Visual Studio Solution File, Format Version 12.00
# Visual Studio Version 16
VisualStudioVersion = 16.0.33214.272
MinimumVisualStudioVersion = 10.0.40219.1
Project("{FAE04EC0-301F-11D3-BF4B-00C04F79EFBC}") = "Hello World", "Hello World\Hello World.csproj", "{50000A1E-AF54-4E8B-AA76-BE79BEF591FD}"
EndProject
Global
	GlobalSection(SolutionConfigurationPlatforms) = preSolution
		Debug|Any CPU = Debug|Any CPU
		Release|Any CPU = Release|Any CPU
	EndGlobalSection
	GlobalSection(ProjectConfigurationPlatforms) = postSolution
		{50000A1E-AF54-4E8B-AA76-BE79BEF591FD}.Debug|Any CPU.ActiveCfg = Debug|Any CPU
		{50000A1E-AF54-4E8B-AA76-BE79BEF591FD}.Debug|Any CPU.Build.0 = Debug|Any CPU
		{50000A1E-AF54-4E8B-AA76-BE79BEF591FD}.Release|Any CPU.ActiveCfg = Release|Any CPU
		{50000A1E-AF54-4E8B-AA76-BE79BEF591FD}.Release|Any CPU.Build.0 = Release|Any CPU
	EndGlobalSection
	GlobalSection(SolutionProperties) = preSolution
		HideSolutionNode = FALSE
	EndGlobalSection
	GlobalSection(ExtensibilityGlobals) = postSolution
		SolutionGuid = {D5341A9C-5E7C-49DE-877C-CAA9271DC546}
	EndGlobalSection
EndGlobal
